
Microsoft Visual Studio Solution File, Format Version 12.00
# Visual Studio Version 17
VisualStudioVersion = 17.5.33530.505
MinimumVisualStudioVersion = 10.0.40219.1
Project("{9A19103F-16F7-4668-BE54-9A1E7A4F7556}") = "EasyMicroservices.WhiteLabelsMicroservice.Clients", "EasyMicroservices.WhiteLabelsMicroservice.Clients\EasyMicroservices.WhiteLabelsMicroservice.Clients.csproj", "{59504BC2-FE32-4B9A-86F2-28AD4AF40A48}"
EndProject
Project("{2150E333-8FDC-42A3-9474-1A3956D46DE8}") = "User-Layer", "User-Layer", "{D2CA37CF-478B-4F54-B119-69AE1B8C525B}"
EndProject
Project("{2150E333-8FDC-42A3-9474-1A3956D46DE8}") = "Test-Layer", "Test-Layer", "{E9B271A6-185D-4C47-A7BA-61832F628E25}"
EndProject
Project("{FAE04EC0-301F-11D3-BF4B-00C04F79EFBC}") = "EasyMicroservices.WhiteLabelsMicroservice.Clients.Tests", "EasyMicroservices.WhiteLabelsMicroservice.Clients.Tests\EasyMicroservices.WhiteLabelsMicroservice.Clients.Tests.csproj", "{4E8FC1CE-6088-444B-93B9-731B8F45CCC8}"
EndProject
Global
	GlobalSection(SolutionConfigurationPlatforms) = preSolution
		Debug|Any CPU = Debug|Any CPU
		Debug|x64 = Debug|x64
		Debug|x86 = Debug|x86
		Release|Any CPU = Release|Any CPU
		Release|x64 = Release|x64
		Release|x86 = Release|x86
	EndGlobalSection
	GlobalSection(ProjectConfigurationPlatforms) = postSolution
		{59504BC2-FE32-4B9A-86F2-28AD4AF40A48}.Debug|Any CPU.ActiveCfg = Debug|Any CPU
		{59504BC2-FE32-4B9A-86F2-28AD4AF40A48}.Debug|Any CPU.Build.0 = Debug|Any CPU
		{59504BC2-FE32-4B9A-86F2-28AD4AF40A48}.Debug|x64.ActiveCfg = Debug|Any CPU
		{59504BC2-FE32-4B9A-86F2-28AD4AF40A48}.Debug|x64.Build.0 = Debug|Any CPU
		{59504BC2-FE32-4B9A-86F2-28AD4AF40A48}.Debug|x86.ActiveCfg = Debug|Any CPU
		{59504BC2-FE32-4B9A-86F2-28AD4AF40A48}.Debug|x86.Build.0 = Debug|Any CPU
		{59504BC2-FE32-4B9A-86F2-28AD4AF40A48}.Release|Any CPU.ActiveCfg = Release|Any CPU
		{59504BC2-FE32-4B9A-86F2-28AD4AF40A48}.Release|Any CPU.Build.0 = Release|Any CPU
		{59504BC2-FE32-4B9A-86F2-28AD4AF40A48}.Release|x64.ActiveCfg = Release|Any CPU
		{59504BC2-FE32-4B9A-86F2-28AD4AF40A48}.Release|x64.Build.0 = Release|Any CPU
		{59504BC2-FE32-4B9A-86F2-28AD4AF40A48}.Release|x86.ActiveCfg = Release|Any CPU
		{59504BC2-FE32-4B9A-86F2-28AD4AF40A48}.Release|x86.Build.0 = Release|Any CPU
		{4E8FC1CE-6088-444B-93B9-731B8F45CCC8}.Debug|Any CPU.ActiveCfg = Debug|Any CPU
		{4E8FC1CE-6088-444B-93B9-731B8F45CCC8}.Debug|Any CPU.Build.0 = Debug|Any CPU
		{4E8FC1CE-6088-444B-93B9-731B8F45CCC8}.Debug|x64.ActiveCfg = Debug|Any CPU
		{4E8FC1CE-6088-444B-93B9-731B8F45CCC8}.Debug|x64.Build.0 = Debug|Any CPU
		{4E8FC1CE-6088-444B-93B9-731B8F45CCC8}.Debug|x86.ActiveCfg = Debug|Any CPU
		{4E8FC1CE-6088-444B-93B9-731B8F45CCC8}.Debug|x86.Build.0 = Debug|Any CPU
		{4E8FC1CE-6088-444B-93B9-731B8F45CCC8}.Release|Any CPU.ActiveCfg = Release|Any CPU
		{4E8FC1CE-6088-444B-93B9-731B8F45CCC8}.Release|Any CPU.Build.0 = Release|Any CPU
		{4E8FC1CE-6088-444B-93B9-731B8F45CCC8}.Release|x64.ActiveCfg = Release|Any CPU
		{4E8FC1CE-6088-444B-93B9-731B8F45CCC8}.Release|x64.Build.0 = Release|Any CPU
		{4E8FC1CE-6088-444B-93B9-731B8F45CCC8}.Release|x86.ActiveCfg = Release|Any CPU
		{4E8FC1CE-6088-444B-93B9-731B8F45CCC8}.Release|x86.Build.0 = Release|Any CPU
	EndGlobalSection
	GlobalSection(SolutionProperties) = preSolution
		HideSolutionNode = FALSE
	EndGlobalSection
	GlobalSection(NestedProjects) = preSolution
		{59504BC2-FE32-4B9A-86F2-28AD4AF40A48} = {D2CA37CF-478B-4F54-B119-69AE1B8C525B}
		{4E8FC1CE-6088-444B-93B9-731B8F45CCC8} = {E9B271A6-185D-4C47-A7BA-61832F628E25}
	EndGlobalSection
	GlobalSection(ExtensibilityGlobals) = postSolution
		SolutionGuid = {B8B82934-7EE0-4C86-9065-ADF9092553E1}
	EndGlobalSection
EndGlobal
